
Microsoft Visual Studio Solution File, Format Version 12.00
# Visual Studio 14
VisualStudioVersion = 14.0.25420.1
MinimumVisualStudioVersion = 10.0.40219.1
Project("{F184B08F-C81C-45F6-A57F-5ABD9991F28F}") = "App5_WinForms_Threading_V_Excel", "App5_WinForms_Threading_V_Excel\App5_WinForms_Threading_V_Excel.vbproj", "{8DEDDEE4-977C-45C9-ABAC-87E0FDE34175}"
EndProject
Global
	GlobalSection(SolutionConfigurationPlatforms) = preSolution
		Debug|Any CPU = Debug|Any CPU
		Release|Any CPU = Release|Any CPU
	EndGlobalSection
	GlobalSection(ProjectConfigurationPlatforms) = postSolution
		{8DEDDEE4-977C-45C9-ABAC-87E0FDE34175}.Debug|Any CPU.ActiveCfg = Debug|Any CPU
		{8DEDDEE4-977C-45C9-ABAC-87E0FDE34175}.Debug|Any CPU.Build.0 = Debug|Any CPU
		{8DEDDEE4-977C-45C9-ABAC-87E0FDE34175}.Release|Any CPU.ActiveCfg = Release|Any CPU
		{8DEDDEE4-977C-45C9-ABAC-87E0FDE34175}.Release|Any CPU.Build.0 = Release|Any CPU
	EndGlobalSection
	GlobalSection(SolutionProperties) = preSolution
		HideSolutionNode = FALSE
	EndGlobalSection
EndGlobal
